
Microsoft Visual Studio Solution File, Format Version 12.00
# Visual Studio Version 17
VisualStudioVersion = 17.10.34916.146
MinimumVisualStudioVersion = 10.0.40219.1
Project("{FAE04EC0-301F-11D3-BF4B-00C04F79EFBC}") = "General Tree", "General Tree.csproj", "{55E450F2-C8E4-4296-A60E-6E9AA4992DC7}"
EndProject
Global
	GlobalSection(SolutionConfigurationPlatforms) = preSolution
		Debug|Any CPU = Debug|Any CPU
		Release|Any CPU = Release|Any CPU
	EndGlobalSection
	GlobalSection(ProjectConfigurationPlatforms) = postSolution
		{55E450F2-C8E4-4296-A60E-6E9AA4992DC7}.Debug|Any CPU.ActiveCfg = Debug|Any CPU
		{55E450F2-C8E4-4296-A60E-6E9AA4992DC7}.Debug|Any CPU.Build.0 = Debug|Any CPU
		{55E450F2-C8E4-4296-A60E-6E9AA4992DC7}.Release|Any CPU.ActiveCfg = Release|Any CPU
		{55E450F2-C8E4-4296-A60E-6E9AA4992DC7}.Release|Any CPU.Build.0 = Release|Any CPU
	EndGlobalSection
	GlobalSection(SolutionProperties) = preSolution
		HideSolutionNode = FALSE
	EndGlobalSection
	GlobalSection(ExtensibilityGlobals) = postSolution
		SolutionGuid = {DD3BCBF3-DF22-4F9F-AA93-E475EE433CC2}
	EndGlobalSection
EndGlobal
