
Microsoft Visual Studio Solution File, Format Version 12.00
# Visual Studio Version 17
VisualStudioVersion = 17.10.35004.147
MinimumVisualStudioVersion = 10.0.40219.1
Project("{FAE04EC0-301F-11D3-BF4B-00C04F79EFBC}") = "Preorder Tree Traversal Implementation", "Preorder Tree Traversal Implementation.csproj", "{2317FCC0-C17D-4114-A55E-3BB631803D3E}"
EndProject
Global
	GlobalSection(SolutionConfigurationPlatforms) = preSolution
		Debug|Any CPU = Debug|Any CPU
		Release|Any CPU = Release|Any CPU
	EndGlobalSection
	GlobalSection(ProjectConfigurationPlatforms) = postSolution
		{2317FCC0-C17D-4114-A55E-3BB631803D3E}.Debug|Any CPU.ActiveCfg = Debug|Any CPU
		{2317FCC0-C17D-4114-A55E-3BB631803D3E}.Debug|Any CPU.Build.0 = Debug|Any CPU
		{2317FCC0-C17D-4114-A55E-3BB631803D3E}.Release|Any CPU.ActiveCfg = Release|Any CPU
		{2317FCC0-C17D-4114-A55E-3BB631803D3E}.Release|Any CPU.Build.0 = Release|Any CPU
	EndGlobalSection
	GlobalSection(SolutionProperties) = preSolution
		HideSolutionNode = FALSE
	EndGlobalSection
	GlobalSection(ExtensibilityGlobals) = postSolution
		SolutionGuid = {C7BD80D8-37EA-4823-8585-1A9BDB415360}
	EndGlobalSection
EndGlobal
