
Microsoft Visual Studio Solution File, Format Version 12.00
# Visual Studio Version 17
VisualStudioVersion = 17.10.34916.146
MinimumVisualStudioVersion = 10.0.40219.1
Project("{FAE04EC0-301F-11D3-BF4B-00C04F79EFBC}") = "ICollection", "ICollection.csproj", "{C0D1EA42-E86C-478D-906C-932F2918F5BC}"
EndProject
Global
	GlobalSection(SolutionConfigurationPlatforms) = preSolution
		Debug|Any CPU = Debug|Any CPU
		Release|Any CPU = Release|Any CPU
	EndGlobalSection
	GlobalSection(ProjectConfigurationPlatforms) = postSolution
		{C0D1EA42-E86C-478D-906C-932F2918F5BC}.Debug|Any CPU.ActiveCfg = Debug|Any CPU
		{C0D1EA42-E86C-478D-906C-932F2918F5BC}.Debug|Any CPU.Build.0 = Debug|Any CPU
		{C0D1EA42-E86C-478D-906C-932F2918F5BC}.Release|Any CPU.ActiveCfg = Release|Any CPU
		{C0D1EA42-E86C-478D-906C-932F2918F5BC}.Release|Any CPU.Build.0 = Release|Any CPU
	EndGlobalSection
	GlobalSection(SolutionProperties) = preSolution
		HideSolutionNode = FALSE
	EndGlobalSection
	GlobalSection(ExtensibilityGlobals) = postSolution
		SolutionGuid = {145DCE85-5FCE-4BCA-A892-C55EC34DA3B3}
	EndGlobalSection
EndGlobal
